
Microsoft Visual Studio Solution File, Format Version 12.00
# Visual Studio Version 16
VisualStudioVersion = 16.0.29409.12
MinimumVisualStudioVersion = 10.0.40219.1
Project("{9A19103F-16F7-4668-BE54-9A1E7A4F7556}") = "Hto3.CollectionHelpers", "Hto3.CollectionHelpers\Hto3.CollectionHelpers.csproj", "{B3B25198-D1F1-4ABB-801C-BD5D6CB6C008}"
EndProject
Project("{2150E333-8FDC-42A3-9474-1A3956D46DE8}") = "Solution Items", "Solution Items", "{6729211D-FA98-43D6-A134-3B3A4315523D}"
	ProjectSection(SolutionItems) = preProject
		.gitattributes = .gitattributes
		.gitignore = .gitignore
		.travis.yml = .travis.yml
		LICENSE = LICENSE
		nuget-logo.png = nuget-logo.png
		nuget-logo.psd = nuget-logo.psd
		README.md = README.md
	EndProjectSection
EndProject
Project("{9A19103F-16F7-4668-BE54-9A1E7A4F7556}") = "Hto3.CollectionHelpers.Test", "Hto3.CollectionHelpers.Test\Hto3.CollectionHelpers.Test.csproj", "{6932B2DD-6812-47D4-B02E-2A073DDB05A7}"
EndProject
Global
	GlobalSection(SolutionConfigurationPlatforms) = preSolution
		Debug|Any CPU = Debug|Any CPU
		Release|Any CPU = Release|Any CPU
	EndGlobalSection
	GlobalSection(ProjectConfigurationPlatforms) = postSolution
		{B3B25198-D1F1-4ABB-801C-BD5D6CB6C008}.Debug|Any CPU.ActiveCfg = Debug|Any CPU
		{B3B25198-D1F1-4ABB-801C-BD5D6CB6C008}.Debug|Any CPU.Build.0 = Debug|Any CPU
		{B3B25198-D1F1-4ABB-801C-BD5D6CB6C008}.Release|Any CPU.ActiveCfg = Release|Any CPU
		{B3B25198-D1F1-4ABB-801C-BD5D6CB6C008}.Release|Any CPU.Build.0 = Release|Any CPU
		{6932B2DD-6812-47D4-B02E-2A073DDB05A7}.Debug|Any CPU.ActiveCfg = Debug|Any CPU
		{6932B2DD-6812-47D4-B02E-2A073DDB05A7}.Debug|Any CPU.Build.0 = Debug|Any CPU
		{6932B2DD-6812-47D4-B02E-2A073DDB05A7}.Release|Any CPU.ActiveCfg = Release|Any CPU
		{6932B2DD-6812-47D4-B02E-2A073DDB05A7}.Release|Any CPU.Build.0 = Release|Any CPU
	EndGlobalSection
	GlobalSection(SolutionProperties) = preSolution
		HideSolutionNode = FALSE
	EndGlobalSection
	GlobalSection(ExtensibilityGlobals) = postSolution
		SolutionGuid = {30E3D061-59B6-409D-8559-7924FA2B989D}
	EndGlobalSection
EndGlobal
